
Microsoft Visual Studio Solution File, Format Version 12.00
# Visual Studio Version 17
VisualStudioVersion = 17.10.35013.160
MinimumVisualStudioVersion = 10.0.40219.1
Project("{2150E333-8FDC-42A3-9474-1A3956D46DE8}") = "Services", "Services", "{38E298FA-A464-4755-97DA-DC843F5D558F}"
EndProject
Project("{2150E333-8FDC-42A3-9474-1A3956D46DE8}") = "ChatSystem.ChatSln", "ChatSystem.ChatSln", "{B8FA96EB-E1B8-4181-9DB5-D7362DAF7E48}"
EndProject
Project("{2150E333-8FDC-42A3-9474-1A3956D46DE8}") = "ChatSystem.CoordinatorSln", "ChatSystem.CoordinatorSln", "{C276CE6D-5C92-4668-BF27-5929B3665403}"
EndProject
Project("{2150E333-8FDC-42A3-9474-1A3956D46DE8}") = "src", "src", "{D9412E2B-00E2-477E-ADA9-B4C8CD850322}"
EndProject
Project("{2150E333-8FDC-42A3-9474-1A3956D46DE8}") = "src", "src", "{EE39205D-2114-46FE-94EF-B470BD5AFB4C}"
EndProject
Project("{2150E333-8FDC-42A3-9474-1A3956D46DE8}") = "Clients", "Clients", "{B0301CAB-27B7-411D-9FB1-9A9876FF4DE2}"
EndProject
Project("{2150E333-8FDC-42A3-9474-1A3956D46DE8}") = "Packages", "Packages", "{58887489-F1B2-4097-A50A-E3A8FA917B6A}"
EndProject
Project("{9A19103F-16F7-4668-BE54-9A1E7A4F7556}") = "ChatSystem.Chat.Client", "ChatSystem.Chat.Client\ChatSystem.Chat.Client.csproj", "{1E40FAB6-753F-4803-A248-0C76A166F5BF}"
EndProject
Project("{9A19103F-16F7-4668-BE54-9A1E7A4F7556}") = "ChatSystem.Chat.Common", "ChatSystem.Chat.Common\ChatSystem.Chat.Common.csproj", "{77EE633B-701E-4CF1-9F11-99295F009CD4}"
EndProject
Project("{2150E333-8FDC-42A3-9474-1A3956D46DE8}") = "tests", "tests", "{16E79C75-66EF-4854-8F9E-854FCF42AC1A}"
EndProject
Project("{2150E333-8FDC-42A3-9474-1A3956D46DE8}") = "Clients", "Clients", "{838D7D8F-EDE0-4B3D-B0DE-AD85B39E6E37}"
EndProject
Project("{2150E333-8FDC-42A3-9474-1A3956D46DE8}") = "Packages", "Packages", "{19261B8C-2886-4550-8E66-8A8B51AF91A1}"
EndProject
Project("{2150E333-8FDC-42A3-9474-1A3956D46DE8}") = "Utils", "Utils", "{3FF421ED-A8E5-44A6-B088-D34785020B3C}"
EndProject
Project("{9A19103F-16F7-4668-BE54-9A1E7A4F7556}") = "ChatSystem.Caching", "ChatSystem.Caching\ChatSystem.Caching.csproj", "{6BAA293A-2B3B-41B6-A8EA-BB45CE1488D1}"
EndProject
Project("{9A19103F-16F7-4668-BE54-9A1E7A4F7556}") = "ChatSystem.Utils", "ChatSystem.Utils\ChatSystem.Utils.csproj", "{43A92F35-69B5-43EB-A1B6-AD27A07F8690}"
EndProject
Project("{9A19103F-16F7-4668-BE54-9A1E7A4F7556}") = "ChatSystem.Chat.API", "ChatSystem.Chat.API\ChatSystem.Chat.API.csproj", "{F71647E8-8D26-463D-AB4B-ED92BB21002F}"
EndProject
Project("{2150E333-8FDC-42A3-9474-1A3956D46DE8}") = "Front", "Front", "{918BDF27-395D-43A9-805E-3DD85BB08C55}"
EndProject
Project("{2150E333-8FDC-42A3-9474-1A3956D46DE8}") = "ChatSystem.ChatFrontSln", "ChatSystem.ChatFrontSln", "{BE75232C-A8D5-48B8-883A-81F2403FBAB5}"
EndProject
Project("{2150E333-8FDC-42A3-9474-1A3956D46DE8}") = "src", "src", "{B1E02918-D82B-4E8E-9D76-03BCE83DA437}"
EndProject
Project("{2150E333-8FDC-42A3-9474-1A3956D46DE8}") = "tests", "tests", "{80BE5CE4-0EC0-40CA-9FE3-43CF9721E665}"
EndProject
Project("{FAE04EC0-301F-11D3-BF4B-00C04F79EFBC}") = "ChatSystem.Presentation", "ChatSystem.Presentation\ChatSystem.Presentation.csproj", "{A643ADCF-514D-495A-80FC-FB26BD7EAC99}"
EndProject
Project("{FAE04EC0-301F-11D3-BF4B-00C04F79EFBC}") = "ChatSystem.Messaging", "ChatSystem.Messaging\ChatSystem.Messaging.csproj", "{849710C0-1582-4565-9CA3-D04543DECFD4}"
EndProject
Project("{FAE04EC0-301F-11D3-BF4B-00C04F79EFBC}") = "ChatSystem.Coordinator.App", "ChatSystem.Coordinator.App\ChatSystem.Coordinator.App.csproj", "{0D0442FB-73C0-46F6-A2B5-3CFEDB3A0E2D}"
EndProject
Global
	GlobalSection(SolutionConfigurationPlatforms) = preSolution
		Debug|Any CPU = Debug|Any CPU
		Release|Any CPU = Release|Any CPU
	EndGlobalSection
	GlobalSection(ProjectConfigurationPlatforms) = postSolution
		{1E40FAB6-753F-4803-A248-0C76A166F5BF}.Debug|Any CPU.ActiveCfg = Debug|Any CPU
		{1E40FAB6-753F-4803-A248-0C76A166F5BF}.Debug|Any CPU.Build.0 = Debug|Any CPU
		{1E40FAB6-753F-4803-A248-0C76A166F5BF}.Release|Any CPU.ActiveCfg = Release|Any CPU
		{1E40FAB6-753F-4803-A248-0C76A166F5BF}.Release|Any CPU.Build.0 = Release|Any CPU
		{77EE633B-701E-4CF1-9F11-99295F009CD4}.Debug|Any CPU.ActiveCfg = Debug|Any CPU
		{77EE633B-701E-4CF1-9F11-99295F009CD4}.Debug|Any CPU.Build.0 = Debug|Any CPU
		{77EE633B-701E-4CF1-9F11-99295F009CD4}.Release|Any CPU.ActiveCfg = Release|Any CPU
		{77EE633B-701E-4CF1-9F11-99295F009CD4}.Release|Any CPU.Build.0 = Release|Any CPU
		{6BAA293A-2B3B-41B6-A8EA-BB45CE1488D1}.Debug|Any CPU.ActiveCfg = Debug|Any CPU
		{6BAA293A-2B3B-41B6-A8EA-BB45CE1488D1}.Debug|Any CPU.Build.0 = Debug|Any CPU
		{6BAA293A-2B3B-41B6-A8EA-BB45CE1488D1}.Release|Any CPU.ActiveCfg = Release|Any CPU
		{6BAA293A-2B3B-41B6-A8EA-BB45CE1488D1}.Release|Any CPU.Build.0 = Release|Any CPU
		{43A92F35-69B5-43EB-A1B6-AD27A07F8690}.Debug|Any CPU.ActiveCfg = Debug|Any CPU
		{43A92F35-69B5-43EB-A1B6-AD27A07F8690}.Debug|Any CPU.Build.0 = Debug|Any CPU
		{43A92F35-69B5-43EB-A1B6-AD27A07F8690}.Release|Any CPU.ActiveCfg = Release|Any CPU
		{43A92F35-69B5-43EB-A1B6-AD27A07F8690}.Release|Any CPU.Build.0 = Release|Any CPU
		{F71647E8-8D26-463D-AB4B-ED92BB21002F}.Debug|Any CPU.ActiveCfg = Debug|Any CPU
		{F71647E8-8D26-463D-AB4B-ED92BB21002F}.Debug|Any CPU.Build.0 = Debug|Any CPU
		{F71647E8-8D26-463D-AB4B-ED92BB21002F}.Release|Any CPU.ActiveCfg = Release|Any CPU
		{F71647E8-8D26-463D-AB4B-ED92BB21002F}.Release|Any CPU.Build.0 = Release|Any CPU
		{A643ADCF-514D-495A-80FC-FB26BD7EAC99}.Debug|Any CPU.ActiveCfg = Debug|Any CPU
		{A643ADCF-514D-495A-80FC-FB26BD7EAC99}.Debug|Any CPU.Build.0 = Debug|Any CPU
		{A643ADCF-514D-495A-80FC-FB26BD7EAC99}.Release|Any CPU.ActiveCfg = Release|Any CPU
		{A643ADCF-514D-495A-80FC-FB26BD7EAC99}.Release|Any CPU.Build.0 = Release|Any CPU
		{849710C0-1582-4565-9CA3-D04543DECFD4}.Debug|Any CPU.ActiveCfg = Debug|Any CPU
		{849710C0-1582-4565-9CA3-D04543DECFD4}.Debug|Any CPU.Build.0 = Debug|Any CPU
		{849710C0-1582-4565-9CA3-D04543DECFD4}.Release|Any CPU.ActiveCfg = Release|Any CPU
		{849710C0-1582-4565-9CA3-D04543DECFD4}.Release|Any CPU.Build.0 = Release|Any CPU
		{0D0442FB-73C0-46F6-A2B5-3CFEDB3A0E2D}.Debug|Any CPU.ActiveCfg = Debug|Any CPU
		{0D0442FB-73C0-46F6-A2B5-3CFEDB3A0E2D}.Debug|Any CPU.Build.0 = Debug|Any CPU
		{0D0442FB-73C0-46F6-A2B5-3CFEDB3A0E2D}.Release|Any CPU.ActiveCfg = Release|Any CPU
		{0D0442FB-73C0-46F6-A2B5-3CFEDB3A0E2D}.Release|Any CPU.Build.0 = Release|Any CPU
	EndGlobalSection
	GlobalSection(SolutionProperties) = preSolution
		HideSolutionNode = FALSE
	EndGlobalSection
	GlobalSection(NestedProjects) = preSolution
		{B8FA96EB-E1B8-4181-9DB5-D7362DAF7E48} = {38E298FA-A464-4755-97DA-DC843F5D558F}
		{C276CE6D-5C92-4668-BF27-5929B3665403} = {38E298FA-A464-4755-97DA-DC843F5D558F}
		{D9412E2B-00E2-477E-ADA9-B4C8CD850322} = {B8FA96EB-E1B8-4181-9DB5-D7362DAF7E48}
		{EE39205D-2114-46FE-94EF-B470BD5AFB4C} = {C276CE6D-5C92-4668-BF27-5929B3665403}
		{B0301CAB-27B7-411D-9FB1-9A9876FF4DE2} = {D9412E2B-00E2-477E-ADA9-B4C8CD850322}
		{58887489-F1B2-4097-A50A-E3A8FA917B6A} = {D9412E2B-00E2-477E-ADA9-B4C8CD850322}
		{1E40FAB6-753F-4803-A248-0C76A166F5BF} = {B0301CAB-27B7-411D-9FB1-9A9876FF4DE2}
		{77EE633B-701E-4CF1-9F11-99295F009CD4} = {58887489-F1B2-4097-A50A-E3A8FA917B6A}
		{16E79C75-66EF-4854-8F9E-854FCF42AC1A} = {D9412E2B-00E2-477E-ADA9-B4C8CD850322}
		{838D7D8F-EDE0-4B3D-B0DE-AD85B39E6E37} = {EE39205D-2114-46FE-94EF-B470BD5AFB4C}
		{19261B8C-2886-4550-8E66-8A8B51AF91A1} = {EE39205D-2114-46FE-94EF-B470BD5AFB4C}
		{6BAA293A-2B3B-41B6-A8EA-BB45CE1488D1} = {3FF421ED-A8E5-44A6-B088-D34785020B3C}
		{43A92F35-69B5-43EB-A1B6-AD27A07F8690} = {3FF421ED-A8E5-44A6-B088-D34785020B3C}
		{F71647E8-8D26-463D-AB4B-ED92BB21002F} = {D9412E2B-00E2-477E-ADA9-B4C8CD850322}
		{BE75232C-A8D5-48B8-883A-81F2403FBAB5} = {918BDF27-395D-43A9-805E-3DD85BB08C55}
		{B1E02918-D82B-4E8E-9D76-03BCE83DA437} = {BE75232C-A8D5-48B8-883A-81F2403FBAB5}
		{80BE5CE4-0EC0-40CA-9FE3-43CF9721E665} = {BE75232C-A8D5-48B8-883A-81F2403FBAB5}
		{A643ADCF-514D-495A-80FC-FB26BD7EAC99} = {B1E02918-D82B-4E8E-9D76-03BCE83DA437}
		{849710C0-1582-4565-9CA3-D04543DECFD4} = {3FF421ED-A8E5-44A6-B088-D34785020B3C}
		{0D0442FB-73C0-46F6-A2B5-3CFEDB3A0E2D} = {EE39205D-2114-46FE-94EF-B470BD5AFB4C}
	EndGlobalSection
	GlobalSection(ExtensibilityGlobals) = postSolution
		SolutionGuid = {9AAEED9E-A3B2-4563-BCC4-098AD7E2B294}
	EndGlobalSection
EndGlobal
